
Microsoft Visual Studio Solution File, Format Version 12.00
# Visual Studio Version 16
VisualStudioVersion = 16.0.32602.291
MinimumVisualStudioVersion = 10.0.40219.1
Project("{FAE04EC0-301F-11D3-BF4B-00C04F79EFBC}") = "Acvarium", "Acvarium\Acvarium.csproj", "{2B014086-C8F6-4D11-ADB2-10188CAA6748}"
EndProject
Global
	GlobalSection(SolutionConfigurationPlatforms) = preSolution
		Debug|Any CPU = Debug|Any CPU
		Release|Any CPU = Release|Any CPU
	EndGlobalSection
	GlobalSection(ProjectConfigurationPlatforms) = postSolution
		{2B014086-C8F6-4D11-ADB2-10188CAA6748}.Debug|Any CPU.ActiveCfg = Debug|Any CPU
		{2B014086-C8F6-4D11-ADB2-10188CAA6748}.Debug|Any CPU.Build.0 = Debug|Any CPU
		{2B014086-C8F6-4D11-ADB2-10188CAA6748}.Release|Any CPU.ActiveCfg = Release|Any CPU
		{2B014086-C8F6-4D11-ADB2-10188CAA6748}.Release|Any CPU.Build.0 = Release|Any CPU
	EndGlobalSection
	GlobalSection(SolutionProperties) = preSolution
		HideSolutionNode = FALSE
	EndGlobalSection
	GlobalSection(ExtensibilityGlobals) = postSolution
		SolutionGuid = {829946E5-6E35-4EB0-9ED0-F38DEF2C4075}
	EndGlobalSection
EndGlobal
